
Microsoft Visual Studio Solution File, Format Version 12.00
# Visual Studio 2013
VisualStudioVersion = 12.0.21005.1
MinimumVisualStudioVersion = 10.0.40219.1
Project("{FAE04EC0-301F-11D3-BF4B-00C04F79EFBC}") = "FollwItPortable", "FollwItPortable\FollwItPortable.csproj", "{DFDB34AC-12A7-44B3-AB8E-2CE3163FD500}"
EndProject
Project("{FAE04EC0-301F-11D3-BF4B-00C04F79EFBC}") = "FollwItPortablePlayground", "FollwItPortablePlayground\FollwItPortablePlayground.csproj", "{9B84489B-FA84-4F5D-BA1E-168AA38D386E}"
EndProject
Global
	GlobalSection(SolutionConfigurationPlatforms) = preSolution
		Debug|Any CPU = Debug|Any CPU
		Debug|ARM = Debug|ARM
		Debug|x86 = Debug|x86
		Release|Any CPU = Release|Any CPU
		Release|ARM = Release|ARM
		Release|x86 = Release|x86
	EndGlobalSection
	GlobalSection(ProjectConfigurationPlatforms) = postSolution
		{DFDB34AC-12A7-44B3-AB8E-2CE3163FD500}.Debug|Any CPU.ActiveCfg = Debug|Any CPU
		{DFDB34AC-12A7-44B3-AB8E-2CE3163FD500}.Debug|Any CPU.Build.0 = Debug|Any CPU
		{DFDB34AC-12A7-44B3-AB8E-2CE3163FD500}.Debug|ARM.ActiveCfg = Debug|Any CPU
		{DFDB34AC-12A7-44B3-AB8E-2CE3163FD500}.Debug|x86.ActiveCfg = Debug|Any CPU
		{DFDB34AC-12A7-44B3-AB8E-2CE3163FD500}.Release|Any CPU.ActiveCfg = Release|Any CPU
		{DFDB34AC-12A7-44B3-AB8E-2CE3163FD500}.Release|Any CPU.Build.0 = Release|Any CPU
		{DFDB34AC-12A7-44B3-AB8E-2CE3163FD500}.Release|ARM.ActiveCfg = Release|Any CPU
		{DFDB34AC-12A7-44B3-AB8E-2CE3163FD500}.Release|x86.ActiveCfg = Release|Any CPU
		{9B84489B-FA84-4F5D-BA1E-168AA38D386E}.Debug|Any CPU.ActiveCfg = Debug|Any CPU
		{9B84489B-FA84-4F5D-BA1E-168AA38D386E}.Debug|Any CPU.Build.0 = Debug|Any CPU
		{9B84489B-FA84-4F5D-BA1E-168AA38D386E}.Debug|Any CPU.Deploy.0 = Debug|Any CPU
		{9B84489B-FA84-4F5D-BA1E-168AA38D386E}.Debug|ARM.ActiveCfg = Debug|ARM
		{9B84489B-FA84-4F5D-BA1E-168AA38D386E}.Debug|ARM.Build.0 = Debug|ARM
		{9B84489B-FA84-4F5D-BA1E-168AA38D386E}.Debug|ARM.Deploy.0 = Debug|ARM
		{9B84489B-FA84-4F5D-BA1E-168AA38D386E}.Debug|x86.ActiveCfg = Debug|x86
		{9B84489B-FA84-4F5D-BA1E-168AA38D386E}.Debug|x86.Build.0 = Debug|x86
		{9B84489B-FA84-4F5D-BA1E-168AA38D386E}.Debug|x86.Deploy.0 = Debug|x86
		{9B84489B-FA84-4F5D-BA1E-168AA38D386E}.Release|Any CPU.ActiveCfg = Release|Any CPU
		{9B84489B-FA84-4F5D-BA1E-168AA38D386E}.Release|Any CPU.Build.0 = Release|Any CPU
		{9B84489B-FA84-4F5D-BA1E-168AA38D386E}.Release|Any CPU.Deploy.0 = Release|Any CPU
		{9B84489B-FA84-4F5D-BA1E-168AA38D386E}.Release|ARM.ActiveCfg = Release|ARM
		{9B84489B-FA84-4F5D-BA1E-168AA38D386E}.Release|ARM.Build.0 = Release|ARM
		{9B84489B-FA84-4F5D-BA1E-168AA38D386E}.Release|ARM.Deploy.0 = Release|ARM
		{9B84489B-FA84-4F5D-BA1E-168AA38D386E}.Release|x86.ActiveCfg = Release|x86
		{9B84489B-FA84-4F5D-BA1E-168AA38D386E}.Release|x86.Build.0 = Release|x86
		{9B84489B-FA84-4F5D-BA1E-168AA38D386E}.Release|x86.Deploy.0 = Release|x86
	EndGlobalSection
	GlobalSection(SolutionProperties) = preSolution
		HideSolutionNode = FALSE
	EndGlobalSection
EndGlobal
